<Solution>
  <Configurations>
    <Platform Name="Any CPU" />
    <Platform Name="ARM" />
    <Platform Name="ARM64" />
    <Platform Name="x64" />
    <Platform Name="x86" />
  </Configurations>
  <Project Path="PyDeluxeEdit/PyDeluxeEdit.pyproj" Type="888888a0-9f3d-457c-b088-3a5042f75d52" Id="461530e7-edd4-455b-b0bf-aae33bb23b48">
    <Platform Project="AnyCPU" />
    <Build Project="false" />
  </Project>
</Solution>
