
Microsoft Visual Studio Solution File, Format Version 12.00
# Visual Studio Version 17
VisualStudioVersion = 17.14.36121.58
MinimumVisualStudioVersion = 10.0.40219.1
Project("{888888A0-9F3D-457C-B088-3A5042F75D52}") = "PyDeluxeEdit", "PyDeluxeEdit\PyDeluxeEdit.pyproj", "{52D2BB6F-BEC6-44B3-9749-9052E813240C}"
EndProject
Global
	GlobalSection(SolutionConfigurationPlatforms) = preSolution
		Debug|Any CPU = Debug|Any CPU
		Release|Any CPU = Release|Any CPU
	EndGlobalSection
	GlobalSection(ProjectConfigurationPlatforms) = postSolution
		{52D2BB6F-BEC6-44B3-9749-9052E813240C}.Debug|Any CPU.ActiveCfg = Debug|Any CPU
		{52D2BB6F-BEC6-44B3-9749-9052E813240C}.Release|Any CPU.ActiveCfg = Release|Any CPU
	EndGlobalSection
	GlobalSection(SolutionProperties) = preSolution
		HideSolutionNode = FALSE
	EndGlobalSection
	GlobalSection(ExtensibilityGlobals) = postSolution
		SolutionGuid = {C16FF0CA-6114-46F8-B4D0-8C98223F040E}
	EndGlobalSection
EndGlobal
